
Microsoft Visual Studio Solution File, Format Version 12.00
# Visual Studio Version 17
VisualStudioVersion = 17.3.32929.385
MinimumVisualStudioVersion = 10.0.40219.1
Project("{8BC9CEB8-8B4A-11D0-8D11-00A0C91BC942}") = "radar-contact", "radar-contact\radar-contact.vcxproj", "{8C4A2A00-2061-4D68-95C7-83CE87AD5155}"
EndProject
Global
	GlobalSection(SolutionConfigurationPlatforms) = preSolution
		Debug|x64 = Debug|x64
		Debug|x86 = Debug|x86
		Release|x64 = Release|x64
		Release|x86 = Release|x86
	EndGlobalSection
	GlobalSection(ProjectConfigurationPlatforms) = postSolution
		{8C4A2A00-2061-4D68-95C7-83CE87AD5155}.Debug|x64.ActiveCfg = Debug|x64
		{8C4A2A00-2061-4D68-95C7-83CE87AD5155}.Debug|x64.Build.0 = Debug|x64
		{8C4A2A00-2061-4D68-95C7-83CE87AD5155}.Debug|x86.ActiveCfg = Debug|Win32
		{8C4A2A00-2061-4D68-95C7-83CE87AD5155}.Debug|x86.Build.0 = Debug|Win32
		{8C4A2A00-2061-4D68-95C7-83CE87AD5155}.Release|x64.ActiveCfg = Release|x64
		{8C4A2A00-2061-4D68-95C7-83CE87AD5155}.Release|x64.Build.0 = Release|x64
		{8C4A2A00-2061-4D68-95C7-83CE87AD5155}.Release|x86.ActiveCfg = Release|Win32
		{8C4A2A00-2061-4D68-95C7-83CE87AD5155}.Release|x86.Build.0 = Release|Win32
	EndGlobalSection
	GlobalSection(SolutionProperties) = preSolution
		HideSolutionNode = FALSE
	EndGlobalSection
	GlobalSection(ExtensibilityGlobals) = postSolution
		SolutionGuid = {71F46231-4B08-4F46-A34F-4FD4DF81FAA8}
	EndGlobalSection
EndGlobal
